
Microsoft Visual Studio Solution File, Format Version 12.00
# Visual Studio Version 16
VisualStudioVersion = 16.0.31005.135
MinimumVisualStudioVersion = 10.0.40219.1
Project("{FAE04EC0-301F-11D3-BF4B-00C04F79EFBC}") = "CustomEnumeratorWithYield", "CustomEnumeratorWithYield\CustomEnumeratorWithYield.csproj", "{7E761CC4-EFBF-4EE2-AA23-762D5361DC42}"
EndProject
Global
	GlobalSection(SolutionConfigurationPlatforms) = preSolution
		Debug|Any CPU = Debug|Any CPU
		Release|Any CPU = Release|Any CPU
	EndGlobalSection
	GlobalSection(ProjectConfigurationPlatforms) = postSolution
		{7E761CC4-EFBF-4EE2-AA23-762D5361DC42}.Debug|Any CPU.ActiveCfg = Debug|Any CPU
		{7E761CC4-EFBF-4EE2-AA23-762D5361DC42}.Debug|Any CPU.Build.0 = Debug|Any CPU
		{7E761CC4-EFBF-4EE2-AA23-762D5361DC42}.Release|Any CPU.ActiveCfg = Release|Any CPU
		{7E761CC4-EFBF-4EE2-AA23-762D5361DC42}.Release|Any CPU.Build.0 = Release|Any CPU
	EndGlobalSection
	GlobalSection(SolutionProperties) = preSolution
		HideSolutionNode = FALSE
	EndGlobalSection
	GlobalSection(ExtensibilityGlobals) = postSolution
		SolutionGuid = {E8E5DAD1-2228-430B-959D-517D43F9BEC2}
	EndGlobalSection
EndGlobal
