
Microsoft Visual Studio Solution File, Format Version 12.00
# Visual Studio Version 16
VisualStudioVersion = 16.0.31005.135
MinimumVisualStudioVersion = 10.0.40219.1
Project("{FAE04EC0-301F-11D3-BF4B-00C04F79EFBC}") = "ObserableCollections", "ObserableCollections\ObserableCollections.csproj", "{743BBF9C-E3B7-4F13-9853-05F779917E0F}"
EndProject
Global
	GlobalSection(SolutionConfigurationPlatforms) = preSolution
		Debug|Any CPU = Debug|Any CPU
		Release|Any CPU = Release|Any CPU
	EndGlobalSection
	GlobalSection(ProjectConfigurationPlatforms) = postSolution
		{743BBF9C-E3B7-4F13-9853-05F779917E0F}.Debug|Any CPU.ActiveCfg = Debug|Any CPU
		{743BBF9C-E3B7-4F13-9853-05F779917E0F}.Debug|Any CPU.Build.0 = Debug|Any CPU
		{743BBF9C-E3B7-4F13-9853-05F779917E0F}.Release|Any CPU.ActiveCfg = Release|Any CPU
		{743BBF9C-E3B7-4F13-9853-05F779917E0F}.Release|Any CPU.Build.0 = Release|Any CPU
	EndGlobalSection
	GlobalSection(SolutionProperties) = preSolution
		HideSolutionNode = FALSE
	EndGlobalSection
	GlobalSection(ExtensibilityGlobals) = postSolution
		SolutionGuid = {EAEFB538-E79D-4388-BCB8-36360DBF82E4}
	EndGlobalSection
EndGlobal
