
Microsoft Visual Studio Solution File, Format Version 12.00
# Visual Studio Version 16
VisualStudioVersion = 16.0.31005.135
MinimumVisualStudioVersion = 10.0.40219.1
Project("{FAE04EC0-301F-11D3-BF4B-00C04F79EFBC}") = "ObjectOverrides", "ObjectOverrides\ObjectOverrides.csproj", "{5EC5B942-749C-4A15-B552-1BC51CF20416}"
EndProject
Global
	GlobalSection(SolutionConfigurationPlatforms) = preSolution
		Debug|Any CPU = Debug|Any CPU
		Release|Any CPU = Release|Any CPU
	EndGlobalSection
	GlobalSection(ProjectConfigurationPlatforms) = postSolution
		{5EC5B942-749C-4A15-B552-1BC51CF20416}.Debug|Any CPU.ActiveCfg = Debug|Any CPU
		{5EC5B942-749C-4A15-B552-1BC51CF20416}.Debug|Any CPU.Build.0 = Debug|Any CPU
		{5EC5B942-749C-4A15-B552-1BC51CF20416}.Release|Any CPU.ActiveCfg = Release|Any CPU
		{5EC5B942-749C-4A15-B552-1BC51CF20416}.Release|Any CPU.Build.0 = Release|Any CPU
	EndGlobalSection
	GlobalSection(SolutionProperties) = preSolution
		HideSolutionNode = FALSE
	EndGlobalSection
	GlobalSection(ExtensibilityGlobals) = postSolution
		SolutionGuid = {CF0AEFE7-6774-4DD6-94A5-1C18EF09213C}
	EndGlobalSection
EndGlobal
